
Microsoft Visual Studio Solution File, Format Version 12.00
# Visual Studio Version 17
VisualStudioVersion = 17.4.33213.308
MinimumVisualStudioVersion = 10.0.40219.1
Project("{FAE04EC0-301F-11D3-BF4B-00C04F79EFBC}") = "UkadTask", "UkadTask\UkadTask.csproj", "{5A154872-857F-4679-AA1C-83CDAD1174A3}"
EndProject
Global
	GlobalSection(SolutionConfigurationPlatforms) = preSolution
		Debug|Any CPU = Debug|Any CPU
		Release|Any CPU = Release|Any CPU
	EndGlobalSection
	GlobalSection(ProjectConfigurationPlatforms) = postSolution
		{5A154872-857F-4679-AA1C-83CDAD1174A3}.Debug|Any CPU.ActiveCfg = Debug|Any CPU
		{5A154872-857F-4679-AA1C-83CDAD1174A3}.Debug|Any CPU.Build.0 = Debug|Any CPU
		{5A154872-857F-4679-AA1C-83CDAD1174A3}.Release|Any CPU.ActiveCfg = Release|Any CPU
		{5A154872-857F-4679-AA1C-83CDAD1174A3}.Release|Any CPU.Build.0 = Release|Any CPU
	EndGlobalSection
	GlobalSection(SolutionProperties) = preSolution
		HideSolutionNode = FALSE
	EndGlobalSection
	GlobalSection(ExtensibilityGlobals) = postSolution
		SolutionGuid = {F6D2C215-D2BF-4FE0-9F59-C478AD8CABE3}
	EndGlobalSection
EndGlobal
